
Microsoft Visual Studio Solution File, Format Version 12.00
# Visual Studio Version 17
VisualStudioVersion = 17.5.33627.172
MinimumVisualStudioVersion = 10.0.40219.1
Project("{2150E333-8FDC-42A3-9474-1A3956D46DE8}") = "FrontEnd", "FrontEnd", "{89A3C933-AA6E-4B5A-8709-DC3485A6EC5F}"
EndProject
Project("{9A19103F-16F7-4668-BE54-9A1E7A4F7556}") = "GeekShopping.Web", "GeekShopping.Web\GeekShopping.Web.csproj", "{67586CD2-70B4-4C33-B539-A903A902B9D5}"
EndProject
Project("{2150E333-8FDC-42A3-9474-1A3956D46DE8}") = "Services", "Services", "{C9CAB3ED-8BEC-48AD-B32D-072C36C353A0}"
EndProject
Project("{9A19103F-16F7-4668-BE54-9A1E7A4F7556}") = "GeekShopping.ProductAPI", "GeekShopping.ProductAPI\GeekShopping.ProductAPI.csproj", "{980E6593-6233-4FD6-B1EE-9F3D1B7F5AF9}"
EndProject
Project("{9A19103F-16F7-4668-BE54-9A1E7A4F7556}") = "GeekShopping.IdentityServer", "GeekShopping.IdentityServer\GeekShopping.IdentityServer.csproj", "{6C1B8406-5129-4AE0-B498-3CBB701C34DF}"
EndProject
Project("{9A19103F-16F7-4668-BE54-9A1E7A4F7556}") = "GeekShopping.CartAPI", "GeekShopping.CartAPI\GeekShopping.CartAPI.csproj", "{6E3FBA6D-279D-46BC-BC45-87242337D92B}"
EndProject
Project("{9A19103F-16F7-4668-BE54-9A1E7A4F7556}") = "GeekShopping.CupomAPI", "GeekShopping.CupomAPI\GeekShopping.CupomAPI.csproj", "{4F8B9DA9-FFE1-4103-A2A0-63D1EF03A19F}"
EndProject
Project("{2150E333-8FDC-42A3-9474-1A3956D46DE8}") = "Integration", "Integration", "{A7D8E048-A42B-46F1-9B20-9257B381FD06}"
EndProject
Project("{9A19103F-16F7-4668-BE54-9A1E7A4F7556}") = "GeekShopping.MessageBus", "GeekShopping.MessageBus\GeekShopping.MessageBus.csproj", "{C272CF4E-B955-4581-B010-456FAAB3B412}"
EndProject
Project("{9A19103F-16F7-4668-BE54-9A1E7A4F7556}") = "GeekShopping.OrderAPI", "GeekShopping.OrderAPI\GeekShopping.OrderAPI.csproj", "{6D19A656-D831-4A59-AAAF-B7A79EF8036D}"
EndProject
Project("{2150E333-8FDC-42A3-9474-1A3956D46DE8}") = "Payments", "Payments", "{EF1799DD-B0BB-4045-BFAA-7AB08EFED8AC}"
EndProject
Project("{9A19103F-16F7-4668-BE54-9A1E7A4F7556}") = "GeekShopping.PaymentProcessor", "GeekShoppingPaymentProcessor\GeekShopping.PaymentProcessor.csproj", "{906ADA23-F4BE-47B5-AF6B-73F1CA9F4C50}"
EndProject
Project("{FAE04EC0-301F-11D3-BF4B-00C04F79EFBC}") = "GeekShopping.PaymentAPI", "GeekShopping.PaymentAPI\GeekShopping.PaymentAPI.csproj", "{3A5F841C-7A43-4234-8D51-E92A4A753FC6}"
EndProject
Global
	GlobalSection(SolutionConfigurationPlatforms) = preSolution
		Debug|Any CPU = Debug|Any CPU
		Release|Any CPU = Release|Any CPU
	EndGlobalSection
	GlobalSection(ProjectConfigurationPlatforms) = postSolution
		{67586CD2-70B4-4C33-B539-A903A902B9D5}.Debug|Any CPU.ActiveCfg = Debug|Any CPU
		{67586CD2-70B4-4C33-B539-A903A902B9D5}.Debug|Any CPU.Build.0 = Debug|Any CPU
		{67586CD2-70B4-4C33-B539-A903A902B9D5}.Release|Any CPU.ActiveCfg = Release|Any CPU
		{67586CD2-70B4-4C33-B539-A903A902B9D5}.Release|Any CPU.Build.0 = Release|Any CPU
		{980E6593-6233-4FD6-B1EE-9F3D1B7F5AF9}.Debug|Any CPU.ActiveCfg = Debug|Any CPU
		{980E6593-6233-4FD6-B1EE-9F3D1B7F5AF9}.Debug|Any CPU.Build.0 = Debug|Any CPU
		{980E6593-6233-4FD6-B1EE-9F3D1B7F5AF9}.Release|Any CPU.ActiveCfg = Release|Any CPU
		{980E6593-6233-4FD6-B1EE-9F3D1B7F5AF9}.Release|Any CPU.Build.0 = Release|Any CPU
		{6C1B8406-5129-4AE0-B498-3CBB701C34DF}.Debug|Any CPU.ActiveCfg = Debug|Any CPU
		{6C1B8406-5129-4AE0-B498-3CBB701C34DF}.Debug|Any CPU.Build.0 = Debug|Any CPU
		{6C1B8406-5129-4AE0-B498-3CBB701C34DF}.Release|Any CPU.ActiveCfg = Release|Any CPU
		{6C1B8406-5129-4AE0-B498-3CBB701C34DF}.Release|Any CPU.Build.0 = Release|Any CPU
		{6E3FBA6D-279D-46BC-BC45-87242337D92B}.Debug|Any CPU.ActiveCfg = Debug|Any CPU
		{6E3FBA6D-279D-46BC-BC45-87242337D92B}.Debug|Any CPU.Build.0 = Debug|Any CPU
		{6E3FBA6D-279D-46BC-BC45-87242337D92B}.Release|Any CPU.ActiveCfg = Release|Any CPU
		{6E3FBA6D-279D-46BC-BC45-87242337D92B}.Release|Any CPU.Build.0 = Release|Any CPU
		{4F8B9DA9-FFE1-4103-A2A0-63D1EF03A19F}.Debug|Any CPU.ActiveCfg = Debug|Any CPU
		{4F8B9DA9-FFE1-4103-A2A0-63D1EF03A19F}.Debug|Any CPU.Build.0 = Debug|Any CPU
		{4F8B9DA9-FFE1-4103-A2A0-63D1EF03A19F}.Release|Any CPU.ActiveCfg = Release|Any CPU
		{4F8B9DA9-FFE1-4103-A2A0-63D1EF03A19F}.Release|Any CPU.Build.0 = Release|Any CPU
		{C272CF4E-B955-4581-B010-456FAAB3B412}.Debug|Any CPU.ActiveCfg = Debug|Any CPU
		{C272CF4E-B955-4581-B010-456FAAB3B412}.Debug|Any CPU.Build.0 = Debug|Any CPU
		{C272CF4E-B955-4581-B010-456FAAB3B412}.Release|Any CPU.ActiveCfg = Release|Any CPU
		{C272CF4E-B955-4581-B010-456FAAB3B412}.Release|Any CPU.Build.0 = Release|Any CPU
		{6D19A656-D831-4A59-AAAF-B7A79EF8036D}.Debug|Any CPU.ActiveCfg = Debug|Any CPU
		{6D19A656-D831-4A59-AAAF-B7A79EF8036D}.Debug|Any CPU.Build.0 = Debug|Any CPU
		{6D19A656-D831-4A59-AAAF-B7A79EF8036D}.Release|Any CPU.ActiveCfg = Release|Any CPU
		{6D19A656-D831-4A59-AAAF-B7A79EF8036D}.Release|Any CPU.Build.0 = Release|Any CPU
		{906ADA23-F4BE-47B5-AF6B-73F1CA9F4C50}.Debug|Any CPU.ActiveCfg = Debug|Any CPU
		{906ADA23-F4BE-47B5-AF6B-73F1CA9F4C50}.Debug|Any CPU.Build.0 = Debug|Any CPU
		{906ADA23-F4BE-47B5-AF6B-73F1CA9F4C50}.Release|Any CPU.ActiveCfg = Release|Any CPU
		{906ADA23-F4BE-47B5-AF6B-73F1CA9F4C50}.Release|Any CPU.Build.0 = Release|Any CPU
		{3A5F841C-7A43-4234-8D51-E92A4A753FC6}.Debug|Any CPU.ActiveCfg = Debug|Any CPU
		{3A5F841C-7A43-4234-8D51-E92A4A753FC6}.Debug|Any CPU.Build.0 = Debug|Any CPU
		{3A5F841C-7A43-4234-8D51-E92A4A753FC6}.Release|Any CPU.ActiveCfg = Release|Any CPU
		{3A5F841C-7A43-4234-8D51-E92A4A753FC6}.Release|Any CPU.Build.0 = Release|Any CPU
	EndGlobalSection
	GlobalSection(SolutionProperties) = preSolution
		HideSolutionNode = FALSE
	EndGlobalSection
	GlobalSection(NestedProjects) = preSolution
		{67586CD2-70B4-4C33-B539-A903A902B9D5} = {89A3C933-AA6E-4B5A-8709-DC3485A6EC5F}
		{980E6593-6233-4FD6-B1EE-9F3D1B7F5AF9} = {C9CAB3ED-8BEC-48AD-B32D-072C36C353A0}
		{6C1B8406-5129-4AE0-B498-3CBB701C34DF} = {C9CAB3ED-8BEC-48AD-B32D-072C36C353A0}
		{6E3FBA6D-279D-46BC-BC45-87242337D92B} = {C9CAB3ED-8BEC-48AD-B32D-072C36C353A0}
		{4F8B9DA9-FFE1-4103-A2A0-63D1EF03A19F} = {C9CAB3ED-8BEC-48AD-B32D-072C36C353A0}
		{C272CF4E-B955-4581-B010-456FAAB3B412} = {A7D8E048-A42B-46F1-9B20-9257B381FD06}
		{6D19A656-D831-4A59-AAAF-B7A79EF8036D} = {C9CAB3ED-8BEC-48AD-B32D-072C36C353A0}
		{906ADA23-F4BE-47B5-AF6B-73F1CA9F4C50} = {EF1799DD-B0BB-4045-BFAA-7AB08EFED8AC}
		{3A5F841C-7A43-4234-8D51-E92A4A753FC6} = {C9CAB3ED-8BEC-48AD-B32D-072C36C353A0}
	EndGlobalSection
	GlobalSection(ExtensibilityGlobals) = postSolution
		SolutionGuid = {15469F80-7C1E-4B45-8BBF-780E0924EA16}
	EndGlobalSection
EndGlobal
